// !$*UTF8*$!
{
	archiveVersion = 1;
	classes = {
	};
	objectVersion = 56;
	objects = {

/* Begin PBXBuildFile section */
		69F120E7290E5B2A0022C34A /* sako0602_kadai3App.swift in Sources */ = {isa = PBXBuildFile; fileRef = 69F120E6290E5B2A0022C34A /* sako0602_kadai3App.swift */; };
		69F120E9290E5B2A0022C34A /* ContentView.swift in Sources */ = {isa = PBXBuildFile; fileRef = 69F120E8290E5B2A0022C34A /* ContentView.swift */; };
		69F120EB290E5B2E0022C34A /* Assets.xcassets in Resources */ = {isa = PBXBuildFile; fileRef = 69F120EA290E5B2E0022C34A /* Assets.xcassets */; };
		69F120EE290E5B2E0022C34A /* Preview Assets.xcassets in Resources */ = {isa = PBXBuildFile; fileRef = 69F120ED290E5B2E0022C34A /* Preview Assets.xcassets */; };
		69F120F8290E5B2E0022C34A /* sako0602_kadai3Tests.swift in Sources */ = {isa = PBXBuildFile; fileRef = 69F120F7290E5B2E0022C34A /* sako0602_kadai3Tests.swift */; };
		69F12102290E5B2E0022C34A /* sako0602_kadai3UITests.swift in Sources */ = {isa = PBXBuildFile; fileRef = 69F12101290E5B2E0022C34A /* sako0602_kadai3UITests.swift */; };
		69F12104290E5B2E0022C34A /* sako0602_kadai3UITestsLaunchTests.swift in Sources */ = {isa = PBXBuildFile; fileRef = 69F12103290E5B2E0022C34A /* sako0602_kadai3UITestsLaunchTests.swift */; };
/* End PBXBuildFile section */

/* Begin PBXContainerItemProxy section */
		69F120F4290E5B2E0022C34A /* PBXContainerItemProxy */ = {
			isa = PBXContainerItemProxy;
			containerPortal = 69F120DB290E5B290022C34A /* Project object */;
			proxyType = 1;
			remoteGlobalIDString = 69F120E2290E5B2A0022C34A;
			remoteInfo = "sako0602-kadai3";
		};
		69F120FE290E5B2E0022C34A /* PBXContainerItemProxy */ = {
			isa = PBXContainerItemProxy;
			containerPortal = 69F120DB290E5B290022C34A /* Project object */;
			proxyType = 1;
			remoteGlobalIDString = 69F120E2290E5B2A0022C34A;
			remoteInfo = "sako0602-kadai3";
		};
/* End PBXContainerItemProxy section */

/* Begin PBXFileReference section */
		69F120E3290E5B2A0022C34A /* sako0602-kadai3.app */ = {isa = PBXFileReference; explicitFileType = wrapper.application; includeInIndex = 0; path = "sako0602-kadai3.app"; sourceTree = BUILT_PRODUCTS_DIR; };
		69F120E6290E5B2A0022C34A /* sako0602_kadai3App.swift */ = {isa = PBXFileReference; lastKnownFileType = sourcecode.swift; path = sako0602_kadai3App.swift; sourceTree = "<group>"; };
		69F120E8290E5B2A0022C34A /* ContentView.swift */ = {isa = PBXFileReference; lastKnownFileType = sourcecode.swift; path = ContentView.swift; sourceTree = "<group>"; };
		69F120EA290E5B2E0022C34A /* Assets.xcassets */ = {isa = PBXFileReference; lastKnownFileType = folder.assetcatalog; path = Assets.xcassets; sourceTree = "<group>"; };
		69F120ED290E5B2E0022C34A /* Preview Assets.xcassets */ = {isa = PBXFileReference; lastKnownFileType = folder.assetcatalog; path = "Preview Assets.xcassets"; sourceTree = "<group>"; };
		69F120F3290E5B2E0022C34A /* sako0602-kadai3Tests.xctest */ = {isa = PBXFileReference; explicitFileType = wrapper.cfbundle; includeInIndex = 0; path = "sako0602-kadai3Tests.xctest"; sourceTree = BUILT_PRODUCTS_DIR; };
		69F120F7290E5B2E0022C34A /* sako0602_kadai3Tests.swift */ = {isa = PBXFileReference; lastKnownFileType = sourcecode.swift; path = sako0602_kadai3Tests.swift; sourceTree = "<group>"; };
		69F120FD290E5B2E0022C34A /* sako0602-kadai3UITests.xctest */ = {isa = PBXFileReference; explicitFileType = wrapper.cfbundle; includeInIndex = 0; path = "sako0602-kadai3UITests.xctest"; sourceTree = BUILT_PRODUCTS_DIR; };
		69F12101290E5B2E0022C34A /* sako0602_kadai3UITests.swift */ = {isa = PBXFileReference; lastKnownFileType = sourcecode.swift; path = sako0602_kadai3UITests.swift; sourceTree = "<group>"; };
		69F12103290E5B2E0022C34A /* sako0602_kadai3UITestsLaunchTests.swift */ = {isa = PBXFileReference; lastKnownFileType = sourcecode.swift; path = sako0602_kadai3UITestsLaunchTests.swift; sourceTree = "<group>"; };
/* End PBXFileReference section */

/* Begin PBXFrameworksBuildPhase section */
		69F120E0290E5B2A0022C34A /* Frameworks */ = {
			isa = PBXFrameworksBuildPhase;
			buildActionMask = 2147483647;
			files = (
			);
			runOnlyForDeploymentPostprocessing = 0;
		};
		69F120F0290E5B2E0022C34A /* Frameworks */ = {
			isa = PBXFrameworksBuildPhase;
			buildActionMask = 2147483647;
			files = (
			);
			runOnlyForDeploymentPostprocessing = 0;
		};
		69F120FA290E5B2E0022C34A /* Frameworks */ = {
			isa = PBXFrameworksBuildPhase;
			buildActionMask = 2147483647;
			files = (
			);
			runOnlyForDeploymentPostprocessing = 0;
		};
/* End PBXFrameworksBuildPhase section */

/* Begin PBXGroup section */
		69F120DA290E5B290022C34A = {
			isa = PBXGroup;
			children = (
				69F120E5290E5B2A0022C34A /* sako0602-kadai3 */,
				69F120F6290E5B2E0022C34A /* sako0602-kadai3Tests */,
				69F12100290E5B2E0022C34A /* sako0602-kadai3UITests */,
				69F120E4290E5B2A0022C34A /* Products */,
			);
			sourceTree = "<group>";
		};
		69F120E4290E5B2A0022C34A /* Products */ = {
			isa = PBXGroup;
			children = (
				69F120E3290E5B2A0022C34A /* sako0602-kadai3.app */,
				69F120F3290E5B2E0022C34A /* sako0602-kadai3Tests.xctest */,
				69F120FD290E5B2E0022C34A /* sako0602-kadai3UITests.xctest */,
			);
			name = Products;
			sourceTree = "<group>";
		};
		69F120E5290E5B2A0022C34A /* sako0602-kadai3 */ = {
			isa = PBXGroup;
			children = (
				69F120E6290E5B2A0022C34A /* sako0602_kadai3App.swift */,
				69F120E8290E5B2A0022C34A /* ContentView.swift */,
				69F120EA290E5B2E0022C34A /* Assets.xcassets */,
				69F120EC290E5B2E0022C34A /* Preview Content */,
			);
			path = "sako0602-kadai3";
			sourceTree = "<group>";
		};
		69F120EC290E5B2E0022C34A /* Preview Content */ = {
			isa = PBXGroup;
			children = (
				69F120ED290E5B2E0022C34A /* Preview Assets.xcassets */,
			);
			path = "Preview Content";
			sourceTree = "<group>";
		};
		69F120F6290E5B2E0022C34A /* sako0602-kadai3Tests */ = {
			isa = PBXGroup;
			children = (
				69F120F7290E5B2E0022C34A /* sako0602_kadai3Tests.swift */,
			);
			path = "sako0602-kadai3Tests";
			sourceTree = "<group>";
		};
		69F12100290E5B2E0022C34A /* sako0602-kadai3UITests */ = {
			isa = PBXGroup;
			children = (
				69F12101290E5B2E0022C34A /* sako0602_kadai3UITests.swift */,
				69F12103290E5B2E0022C34A /* sako0602_kadai3UITestsLaunchTests.swift */,
			);
			path = "sako0602-kadai3UITests";
			sourceTree = "<group>";
		};
/* End PBXGroup section */

/* Begin PBXNativeTarget section */
		69F120E2290E5B2A0022C34A /* sako0602-kadai3 */ = {
			isa = PBXNativeTarget;
			buildConfigurationList = 69F12107290E5B2E0022C34A /* Build configuration list for PBXNativeTarget "sako0602-kadai3" */;
			buildPhases = (
				69F120DF290E5B2A0022C34A /* Sources */,
				69F120E0290E5B2A0022C34A /* Frameworks */,
				69F120E1290E5B2A0022C34A /* Resources */,
			);
			buildRules = (
			);
			dependencies = (
			);
			name = "sako0602-kadai3";
			productName = "sako0602-kadai3";
			productReference = 69F120E3290E5B2A0022C34A /* sako0602-kadai3.app */;
			productType = "com.apple.product-type.application";
		};
		69F120F2290E5B2E0022C34A /* sako0602-kadai3Tests */ = {
			isa = PBXNativeTarget;
			buildConfigurationList = 69F1210A290E5B2E0022C34A /* Build configuration list for PBXNativeTarget "sako0602-kadai3Tests" */;
			buildPhases = (
				69F120EF290E5B2E0022C34A /* Sources */,
				69F120F0290E5B2E0022C34A /* Frameworks */,
				69F120F1290E5B2E0022C34A /* Resources */,
			);
			buildRules = (
			);
			dependencies = (
				69F120F5290E5B2E0022C34A /* PBXTargetDependency */,
			);
			name = "sako0602-kadai3Tests";
			productName = "sako0602-kadai3Tests";
			productReference = 69F120F3290E5B2E0022C34A /* sako0602-kadai3Tests.xctest */;
			productType = "com.apple.product-type.bundle.unit-test";
		};
		69F120FC290E5B2E0022C34A /* sako0602-kadai3UITests */ = {
			isa = PBXNativeTarget;
			buildConfigurationList = 69F1210D290E5B2E0022C34A /* Build configuration list for PBXNativeTarget "sako0602-kadai3UITests" */;
			buildPhases = (
				69F120F9290E5B2E0022C34A /* Sources */,
				69F120FA290E5B2E0022C34A /* Frameworks */,
				69F120FB290E5B2E0022C34A /* Resources */,
			);
			buildRules = (
			);
			dependencies = (
				69F120FF290E5B2E0022C34A /* PBXTargetDependency */,
			);
			name = "sako0602-kadai3UITests";
			productName = "sako0602-kadai3UITests";
			productReference = 69F120FD290E5B2E0022C34A /* sako0602-kadai3UITests.xctest */;
			productType = "com.apple.product-type.bundle.ui-testing";
		};
/* End PBXNativeTarget section */

/* Begin PBXProject section */
		69F120DB290E5B290022C34A /* Project object */ = {
			isa = PBXProject;
			attributes = {
				BuildIndependentTargetsInParallel = 1;
				LastSwiftUpdateCheck = 1400;
				LastUpgradeCheck = 1400;
				TargetAttributes = {
					69F120E2290E5B2A0022C34A = {
						CreatedOnToolsVersion = 14.0.1;
					};
					69F120F2290E5B2E0022C34A = {
						CreatedOnToolsVersion = 14.0.1;
						TestTargetID = 69F120E2290E5B2A0022C34A;
					};
					69F120FC290E5B2E0022C34A = {
						CreatedOnToolsVersion = 14.0.1;
						TestTargetID = 69F120E2290E5B2A0022C34A;
					};
				};
			};
			buildConfigurationList = 69F120DE290E5B290022C34A /* Build configuration list for PBXProject "sako0602-kadai3" */;
			compatibilityVersion = "Xcode 14.0";
			developmentRegion = en;
			hasScannedForEncodings = 0;
			knownRegions = (
				en,
				Base,
			);
			mainGroup = 69F120DA290E5B290022C34A;
			productRefGroup = 69F120E4290E5B2A0022C34A /* Products */;
			projectDirPath = "";
			projectRoot = "";
			targets = (
				69F120E2290E5B2A0022C34A /* sako0602-kadai3 */,
				69F120F2290E5B2E0022C34A /* sako0602-kadai3Tests */,
				69F120FC290E5B2E0022C34A /* sako0602-kadai3UITests */,
			);
		};
/* End PBXProject section */

/* Begin PBXResourcesBuildPhase section */
		69F120E1290E5B2A0022C34A /* Resources */ = {
			isa = PBXResourcesBuildPhase;
			buildActionMask = 2147483647;
			files = (
				69F120EE290E5B2E0022C34A /* Preview Assets.xcassets in Resources */,
				69F120EB290E5B2E0022C34A /* Assets.xcassets in Resources */,
			);
			runOnlyForDeploymentPostprocessing = 0;
		};
		69F120F1290E5B2E0022C34A /* Resources */ = {
			isa = PBXResourcesBuildPhase;
			buildActionMask = 2147483647;
			files = (
			);
			runOnlyForDeploymentPostprocessing = 0;
		};
		69F120FB290E5B2E0022C34A /* Resources */ = {
			isa = PBXResourcesBuildPhase;
			buildActionMask = 2147483647;
			files = (
			);
			runOnlyForDeploymentPostprocessing = 0;
		};
/* End PBXResourcesBuildPhase section */

/* Begin PBXSourcesBuildPhase section */
		69F120DF290E5B2A0022C34A /* Sources */ = {
			isa = PBXSourcesBuildPhase;
			buildActionMask = 2147483647;
			files = (
				69F120E9290E5B2A0022C34A /* ContentView.swift in Sources */,
				69F120E7290E5B2A0022C34A /* sako0602_kadai3App.swift in Sources */,
			);
			runOnlyForDeploymentPostprocessing = 0;
		};
		69F120EF290E5B2E0022C34A /* Sources */ = {
			isa = PBXSourcesBuildPhase;
			buildActionMask = 2147483647;
			files = (
				69F120F8290E5B2E0022C34A /* sako0602_kadai3Tests.swift in Sources */,
			);
			runOnlyForDeploymentPostprocessing = 0;
		};
		69F120F9290E5B2E0022C34A /* Sources */ = {
			isa = PBXSourcesBuildPhase;
			buildActionMask = 2147483647;
			files = (
				69F12102290E5B2E0022C34A /* sako0602_kadai3UITests.swift in Sources */,
				69F12104290E5B2E0022C34A /* sako0602_kadai3UITestsLaunchTests.swift in Sources */,
			);
			runOnlyForDeploymentPostprocessing = 0;
		};
/* End PBXSourcesBuildPhase section */

/* Begin PBXTargetDependency section */
		69F120F5290E5B2E0022C34A /* PBXTargetDependency */ = {
			isa = PBXTargetDependency;
			target = 69F120E2290E5B2A0022C34A /* sako0602-kadai3 */;
			targetProxy = 69F120F4290E5B2E0022C34A /* PBXContainerItemProxy */;
		};
		69F120FF290E5B2E0022C34A /* PBXTargetDependency */ = {
			isa = PBXTargetDependency;
			target = 69F120E2290E5B2A0022C34A /* sako0602-kadai3 */;
			targetProxy = 69F120FE290E5B2E0022C34A /* PBXContainerItemProxy */;
		};
/* End PBXTargetDependency section */

/* Begin XCBuildConfiguration section */
		69F12105290E5B2E0022C34A /* Debug */ = {
			isa = XCBuildConfiguration;
			buildSettings = {
				ALWAYS_SEARCH_USER_PATHS = NO;
				CLANG_ANALYZER_NONNULL = YES;
				CLANG_ANALYZER_NUMBER_OBJECT_CONVERSION = YES_AGGRESSIVE;
				CLANG_CXX_LANGUAGE_STANDARD = "gnu++20";
				CLANG_ENABLE_MODULES = YES;
				CLANG_ENABLE_OBJC_ARC = YES;
				CLANG_ENABLE_OBJC_WEAK = YES;
				CLANG_WARN_BLOCK_CAPTURE_AUTORELEASING = YES;
				CLANG_WARN_BOOL_CONVERSION = YES;
				CLANG_WARN_COMMA = YES;
				CLANG_WARN_CONSTANT_CONVERSION = YES;
				CLANG_WARN_DEPRECATED_OBJC_IMPLEMENTATIONS = YES;
				CLANG_WARN_DIRECT_OBJC_ISA_USAGE = YES_ERROR;
				CLANG_WARN_DOCUMENTATION_COMMENTS = YES;
				CLANG_WARN_EMPTY_BODY = YES;
				CLANG_WARN_ENUM_CONVERSION = YES;
				CLANG_WARN_INFINITE_RECURSION = YES;
				CLANG_WARN_INT_CONVERSION = YES;
				CLANG_WARN_NON_LITERAL_NULL_CONVERSION = YES;
				CLANG_WARN_OBJC_IMPLICIT_RETAIN_SELF = YES;
				CLANG_WARN_OBJC_LITERAL_CONVERSION = YES;
				CLANG_WARN_OBJC_ROOT_CLASS = YES_ERROR;
				CLANG_WARN_QUOTED_INCLUDE_IN_FRAMEWORK_HEADER = YES;
				CLANG_WARN_RANGE_LOOP_ANALYSIS = YES;
				CLANG_WARN_STRICT_PROTOTYPES = YES;
				CLANG_WARN_SUSPICIOUS_MOVE = YES;
				CLANG_WARN_UNGUARDED_AVAILABILITY = YES_AGGRESSIVE;
				CLANG_WARN_UNREACHABLE_CODE = YES;
				CLANG_WARN__DUPLICATE_METHOD_MATCH = YES;
				COPY_PHASE_STRIP = NO;
				DEBUG_INFORMATION_FORMAT = dwarf;
				ENABLE_STRICT_OBJC_MSGSEND = YES;
				ENABLE_TESTABILITY = YES;
				GCC_C_LANGUAGE_STANDARD = gnu11;
				GCC_DYNAMIC_NO_PIC = NO;
				GCC_NO_COMMON_BLOCKS = YES;
				GCC_OPTIMIZATION_LEVEL = 0;
				GCC_PREPROCESSOR_DEFINITIONS = (
					"DEBUG=1",
					"$(inherited)",
				);
				GCC_WARN_64_TO_32_BIT_CONVERSION = YES;
				GCC_WARN_ABOUT_RETURN_TYPE = YES_ERROR;
				GCC_WARN_UNDECLARED_SELECTOR = YES;
				GCC_WARN_UNINITIALIZED_AUTOS = YES_AGGRESSIVE;
				GCC_WARN_UNUSED_FUNCTION = YES;
				GCC_WARN_UNUSED_VARIABLE = YES;
				IPHONEOS_DEPLOYMENT_TARGET = 16.0;
				MTL_ENABLE_DEBUG_INFO = INCLUDE_SOURCE;
				MTL_FAST_MATH = YES;
				ONLY_ACTIVE_ARCH = YES;
				SDKROOT = iphoneos;
				SWIFT_ACTIVE_COMPILATION_CONDITIONS = DEBUG;
				SWIFT_OPTIMIZATION_LEVEL = "-Onone";
			};
			name = Debug;
		};
		69F12106290E5B2E0022C34A /* Release */ = {
			isa = XCBuildConfiguration;
			buildSettings = {
				ALWAYS_SEARCH_USER_PATHS = NO;
				CLANG_ANALYZER_NONNULL = YES;
				CLANG_ANALYZER_NUMBER_OBJECT_CONVERSION = YES_AGGRESSIVE;
				CLANG_CXX_LANGUAGE_STANDARD = "gnu++20";
				CLANG_ENABLE_MODULES = YES;
				CLANG_ENABLE_OBJC_ARC = YES;
				CLANG_ENABLE_OBJC_WEAK = YES;
				CLANG_WARN_BLOCK_CAPTURE_AUTORELEASING = YES;
				CLANG_WARN_BOOL_CONVERSION = YES;
				CLANG_WARN_COMMA = YES;
				CLANG_WARN_CONSTANT_CONVERSION = YES;
				CLANG_WARN_DEPRECATED_OBJC_IMPLEMENTATIONS = YES;
				CLANG_WARN_DIRECT_OBJC_ISA_USAGE = YES_ERROR;
				CLANG_WARN_DOCUMENTATION_COMMENTS = YES;
				CLANG_WARN_EMPTY_BODY = YES;
				CLANG_WARN_ENUM_CONVERSION = YES;
				CLANG_WARN_INFINITE_RECURSION = YES;
				CLANG_WARN_INT_CONVERSION = YES;
				CLANG_WARN_NON_LITERAL_NULL_CONVERSION = YES;
				CLANG_WARN_OBJC_IMPLICIT_RETAIN_SELF = YES;
				CLANG_WARN_OBJC_LITERAL_CONVERSION = YES;
				CLANG_WARN_OBJC_ROOT_CLASS = YES_ERROR;
				CLANG_WARN_QUOTED_INCLUDE_IN_FRAMEWORK_HEADER = YES;
				CLANG_WARN_RANGE_LOOP_ANALYSIS = YES;
				CLANG_WARN_STRICT_PROTOTYPES = YES;
				CLANG_WARN_SUSPICIOUS_MOVE = YES;
				CLANG_WARN_UNGUARDED_AVAILABILITY = YES_AGGRESSIVE;
				CLANG_WARN_UNREACHABLE_CODE = YES;
				CLANG_WARN__DUPLICATE_METHOD_MATCH = YES;
				COPY_PHASE_STRIP = NO;
				DEBUG_INFORMATION_FORMAT = "dwarf-with-dsym";
				ENABLE_NS_ASSERTIONS = NO;
				ENABLE_STRICT_OBJC_MSGSEND = YES;
				GCC_C_LANGUAGE_STANDARD = gnu11;
				GCC_NO_COMMON_BLOCKS = YES;
				GCC_WARN_64_TO_32_BIT_CONVERSION = YES;
				GCC_WARN_ABOUT_RETURN_TYPE = YES_ERROR;
				GCC_WARN_UNDECLARED_SELECTOR = YES;
				GCC_WARN_UNINITIALIZED_AUTOS = YES_AGGRESSIVE;
				GCC_WARN_UNUSED_FUNCTION = YES;
				GCC_WARN_UNUSED_VARIABLE = YES;
				IPHONEOS_DEPLOYMENT_TARGET = 16.0;
				MTL_ENABLE_DEBUG_INFO = NO;
				MTL_FAST_MATH = YES;
				SDKROOT = iphoneos;
				SWIFT_COMPILATION_MODE = wholemodule;
				SWIFT_OPTIMIZATION_LEVEL = "-O";
				VALIDATE_PRODUCT = YES;
			};
			name = Release;
		};
		69F12108290E5B2E0022C34A /* Debug */ = {
			isa = XCBuildConfiguration;
			buildSettings = {
				ASSETCATALOG_COMPILER_APPICON_NAME = AppIcon;
				ASSETCATALOG_COMPILER_GLOBAL_ACCENT_COLOR_NAME = AccentColor;
				CODE_SIGN_STYLE = Automatic;
				CURRENT_PROJECT_VERSION = 1;
				DEVELOPMENT_ASSET_PATHS = "\"sako0602-kadai3/Preview Content\"";
				ENABLE_PREVIEWS = YES;
				GENERATE_INFOPLIST_FILE = YES;
				INFOPLIST_KEY_UIApplicationSceneManifest_Generation = YES;
				INFOPLIST_KEY_UIApplicationSupportsIndirectInputEvents = YES;
				INFOPLIST_KEY_UILaunchScreen_Generation = YES;
				INFOPLIST_KEY_UISupportedInterfaceOrientations_iPad = "UIInterfaceOrientationPortrait UIInterfaceOrientationPortraitUpsideDown UIInterfaceOrientationLandscapeLeft UIInterfaceOrientationLandscapeRight";
				INFOPLIST_KEY_UISupportedInterfaceOrientations_iPhone = "UIInterfaceOrientationPortrait UIInterfaceOrientationLandscapeLeft UIInterfaceOrientationLandscapeRight";
				LD_RUNPATH_SEARCH_PATHS = (
					"$(inherited)",
					"@executable_path/Frameworks",
				);
				MARKETING_VERSION = 1.0;
				PRODUCT_BUNDLE_IDENTIFIER = "com.sako.sako0602-kadai3";
				PRODUCT_NAME = "$(TARGET_NAME)";
				SWIFT_EMIT_LOC_STRINGS = YES;
				SWIFT_VERSION = 5.0;
				TARGETED_DEVICE_FAMILY = "1,2";
			};
			name = Debug;
		};
		69F12109290E5B2E0022C34A /* Release */ = {
			isa = XCBuildConfiguration;
			buildSettings = {
				ASSETCATALOG_COMPILER_APPICON_NAME = AppIcon;
				ASSETCATALOG_COMPILER_GLOBAL_ACCENT_COLOR_NAME = AccentColor;
				CODE_SIGN_STYLE = Automatic;
				CURRENT_PROJECT_VERSION = 1;
				DEVELOPMENT_ASSET_PATHS = "\"sako0602-kadai3/Preview Content\"";
				ENABLE_PREVIEWS = YES;
				GENERATE_INFOPLIST_FILE = YES;
				INFOPLIST_KEY_UIApplicationSceneManifest_Generation = YES;
				INFOPLIST_KEY_UIApplicationSupportsIndirectInputEvents = YES;
				INFOPLIST_KEY_UILaunchScreen_Generation = YES;
				INFOPLIST_KEY_UISupportedInterfaceOrientations_iPad = "UIInterfaceOrientationPortrait UIInterfaceOrientationPortraitUpsideDown UIInterfaceOrientationLandscapeLeft UIInterfaceOrientationLandscapeRight";
				INFOPLIST_KEY_UISupportedInterfaceOrientations_iPhone = "UIInterfaceOrientationPortrait UIInterfaceOrientationLandscapeLeft UIInterfaceOrientationLandscapeRight";
				LD_RUNPATH_SEARCH_PATHS = (
					"$(inherited)",
					"@executable_path/Frameworks",
				);
				MARKETING_VERSION = 1.0;
				PRODUCT_BUNDLE_IDENTIFIER = "com.sako.sako0602-kadai3";
				PRODUCT_NAME = "$(TARGET_NAME)";
				SWIFT_EMIT_LOC_STRINGS = YES;
				SWIFT_VERSION = 5.0;
				TARGETED_DEVICE_FAMILY = "1,2";
			};
			name = Release;
		};
		69F1210B290E5B2E0022C34A /* Debug */ = {
			isa = XCBuildConfiguration;
			buildSettings = {
				ALWAYS_EMBED_SWIFT_STANDARD_LIBRARIES = YES;
				BUNDLE_LOADER = "$(TEST_HOST)";
				CODE_SIGN_STYLE = Automatic;
				CURRENT_PROJECT_VERSION = 1;
				GENERATE_INFOPLIST_FILE = YES;
				IPHONEOS_DEPLOYMENT_TARGET = 16.0;
				MARKETING_VERSION = 1.0;
				PRODUCT_BUNDLE_IDENTIFIER = "com.sako.sako0602-kadai3Tests";
				PRODUCT_NAME = "$(TARGET_NAME)";
				SWIFT_EMIT_LOC_STRINGS = NO;
				SWIFT_VERSION = 5.0;
				TARGETED_DEVICE_FAMILY = "1,2";
				TEST_HOST = "$(BUILT_PRODUCTS_DIR)/sako0602-kadai3.app/$(BUNDLE_EXECUTABLE_FOLDER_PATH)/sako0602-kadai3";
			};
			name = Debug;
		};
		69F1210C290E5B2E0022C34A /* Release */ = {
			isa = XCBuildConfiguration;
			buildSettings = {
				ALWAYS_EMBED_SWIFT_STANDARD_LIBRARIES = YES;
				BUNDLE_LOADER = "$(TEST_HOST)";
				CODE_SIGN_STYLE = Automatic;
				CURRENT_PROJECT_VERSION = 1;
				GENERATE_INFOPLIST_FILE = YES;
				IPHONEOS_DEPLOYMENT_TARGET = 16.0;
				MARKETING_VERSION = 1.0;
				PRODUCT_BUNDLE_IDENTIFIER = "com.sako.sako0602-kadai3Tests";
				PRODUCT_NAME = "$(TARGET_NAME)";
				SWIFT_EMIT_LOC_STRINGS = NO;
				SWIFT_VERSION = 5.0;
				TARGETED_DEVICE_FAMILY = "1,2";
				TEST_HOST = "$(BUILT_PRODUCTS_DIR)/sako0602-kadai3.app/$(BUNDLE_EXECUTABLE_FOLDER_PATH)/sako0602-kadai3";
			};
			name = Release;
		};
		69F1210E290E5B2E0022C34A /* Debug */ = {
			isa = XCBuildConfiguration;
			buildSettings = {
				ALWAYS_EMBED_SWIFT_STANDARD_LIBRARIES = YES;
				CODE_SIGN_STYLE = Automatic;
				CURRENT_PROJECT_VERSION = 1;
				GENERATE_INFOPLIST_FILE = YES;
				MARKETING_VERSION = 1.0;
				PRODUCT_BUNDLE_IDENTIFIER = "com.sako.sako0602-kadai3UITests";
				PRODUCT_NAME = "$(TARGET_NAME)";
				SWIFT_EMIT_LOC_STRINGS = NO;
				SWIFT_VERSION = 5.0;
				TARGETED_DEVICE_FAMILY = "1,2";
				TEST_TARGET_NAME = "sako0602-kadai3";
			};
			name = Debug;
		};
		69F1210F290E5B2E0022C34A /* Release */ = {
			isa = XCBuildConfiguration;
			buildSettings = {
				ALWAYS_EMBED_SWIFT_STANDARD_LIBRARIES = YES;
				CODE_SIGN_STYLE = Automatic;
				CURRENT_PROJECT_VERSION = 1;
				GENERATE_INFOPLIST_FILE = YES;
				MARKETING_VERSION = 1.0;
				PRODUCT_BUNDLE_IDENTIFIER = "com.sako.sako0602-kadai3UITests";
				PRODUCT_NAME = "$(TARGET_NAME)";
				SWIFT_EMIT_LOC_STRINGS = NO;
				SWIFT_VERSION = 5.0;
				TARGETED_DEVICE_FAMILY = "1,2";
				TEST_TARGET_NAME = "sako0602-kadai3";
			};
			name = Release;
		};
/* End XCBuildConfiguration section */

/* Begin XCConfigurationList section */
		69F120DE290E5B290022C34A /* Build configuration list for PBXProject "sako0602-kadai3" */ = {
			isa = XCConfigurationList;
			buildConfigurations = (
				69F12105290E5B2E0022C34A /* Debug */,
				69F12106290E5B2E0022C34A /* Release */,
			);
			defaultConfigurationIsVisible = 0;
			defaultConfigurationName = Release;
		};
		69F12107290E5B2E0022C34A /* Build configuration list for PBXNativeTarget "sako0602-kadai3" */ = {
			isa = XCConfigurationList;
			buildConfigurations = (
				69F12108290E5B2E0022C34A /* Debug */,
				69F12109290E5B2E0022C34A /* Release */,
			);
			defaultConfigurationIsVisible = 0;
			defaultConfigurationName = Release;
		};
		69F1210A290E5B2E0022C34A /* Build configuration list for PBXNativeTarget "sako0602-kadai3Tests" */ = {
			isa = XCConfigurationList;
			buildConfigurations = (
				69F1210B290E5B2E0022C34A /* Debug */,
				69F1210C290E5B2E0022C34A /* Release */,
			);
			defaultConfigurationIsVisible = 0;
			defaultConfigurationName = Release;
		};
		69F1210D290E5B2E0022C34A /* Build configuration list for PBXNativeTarget "sako0602-kadai3UITests" */ = {
			isa = XCConfigurationList;
			buildConfigurations = (
				69F1210E290E5B2E0022C34A /* Debug */,
				69F1210F290E5B2E0022C34A /* Release */,
			);
			defaultConfigurationIsVisible = 0;
			defaultConfigurationName = Release;
		};
/* End XCConfigurationList section */
	};
	rootObject = 69F120DB290E5B290022C34A /* Project object */;
}
